
Microsoft Visual Studio Solution File, Format Version 12.00
# Visual Studio Version 17
VisualStudioVersion = 17.3.32929.385
MinimumVisualStudioVersion = 10.0.40219.1
Project("{FAE04EC0-301F-11D3-BF4B-00C04F79EFBC}") = "DokumentenAblage", "DokumentenAblage.csproj", "{9FC70F4D-8615-4191-B801-5A6953E28868}"
EndProject
Global
	GlobalSection(SolutionConfigurationPlatforms) = preSolution
		Debug|Any CPU = Debug|Any CPU
		Release|Any CPU = Release|Any CPU
	EndGlobalSection
	GlobalSection(ProjectConfigurationPlatforms) = postSolution
		{9FC70F4D-8615-4191-B801-5A6953E28868}.Debug|Any CPU.ActiveCfg = Debug|Any CPU
		{9FC70F4D-8615-4191-B801-5A6953E28868}.Debug|Any CPU.Build.0 = Debug|Any CPU
		{9FC70F4D-8615-4191-B801-5A6953E28868}.Release|Any CPU.ActiveCfg = Release|Any CPU
		{9FC70F4D-8615-4191-B801-5A6953E28868}.Release|Any CPU.Build.0 = Release|Any CPU
	EndGlobalSection
	GlobalSection(SolutionProperties) = preSolution
		HideSolutionNode = FALSE
	EndGlobalSection
	GlobalSection(ExtensibilityGlobals) = postSolution
		SolutionGuid = {8DAAB75D-DC59-4A54-ADEB-BE9D19BEBE12}
	EndGlobalSection
EndGlobal
